// !$*UTF8*$!
{
	archiveVersion = 1;
	classes = {
	};
	objectVersion = 56;
	objects = {

/* Begin PBXBuildFile section */
		F18F7BC72B15AA4700F4228B /* AppDelegate.swift in Sources */ = {isa = PBXBuildFile; fileRef = F18F7BC62B15AA4700F4228B /* AppDelegate.swift */; };
		F18F7BC92B15AA4700F4228B /* SceneDelegate.swift in Sources */ = {isa = PBXBuildFile; fileRef = F18F7BC82B15AA4700F4228B /* SceneDelegate.swift */; };
		F18F7BCB2B15AA4700F4228B /* WeatherViewController.swift in Sources */ = {isa = PBXBuildFile; fileRef = F18F7BCA2B15AA4700F4228B /* WeatherViewController.swift */; };
		F18F7BCE2B15AA4700F4228B /* Main.storyboard in Resources */ = {isa = PBXBuildFile; fileRef = F18F7BCC2B15AA4700F4228B /* Main.storyboard */; };
		F18F7BD02B15AA4800F4228B /* Assets.xcassets in Resources */ = {isa = PBXBuildFile; fileRef = F18F7BCF2B15AA4800F4228B /* Assets.xcassets */; };
		F18F7BD32B15AA4800F4228B /* LaunchScreen.storyboard in Resources */ = {isa = PBXBuildFile; fileRef = F18F7BD12B15AA4800F4228B /* LaunchScreen.storyboard */; };
		F18F7BE42B16395000F4228B /* LocationManager.swift in Sources */ = {isa = PBXBuildFile; fileRef = F18F7BE32B16395000F4228B /* LocationManager.swift */; };
		F18F7BE62B16396D00F4228B /* IAPManager.swift in Sources */ = {isa = PBXBuildFile; fileRef = F18F7BE52B16396D00F4228B /* IAPManager.swift */; };
		F18F7BE82B16399900F4228B /* WeatherManager.swift in Sources */ = {isa = PBXBuildFile; fileRef = F18F7BE72B16399900F4228B /* WeatherManager.swift */; };
		F18F7BEA2B163C7E00F4228B /* SettingsViewController.swift in Sources */ = {isa = PBXBuildFile; fileRef = F18F7BE92B163C7E00F4228B /* SettingsViewController.swift */; };
		F18F7BEE2B163D4E00F4228B /* TabViewController.swift in Sources */ = {isa = PBXBuildFile; fileRef = F18F7BED2B163D4E00F4228B /* TabViewController.swift */; };
		F1A153382B172B2C002E602B /* CurrentWeatherView.swift in Sources */ = {isa = PBXBuildFile; fileRef = F1A153372B172B2C002E602B /* CurrentWeatherView.swift */; };
		F1A1533A2B17A095002E602B /* SettingsView.swift in Sources */ = {isa = PBXBuildFile; fileRef = F1A153392B17A095002E602B /* SettingsView.swift */; };
		F1A1533D2B1B40C8002E602B /* SettingsViewViewModel.swift in Sources */ = {isa = PBXBuildFile; fileRef = F1A1533C2B1B40C8002E602B /* SettingsViewViewModel.swift */; };
		F1D6479B2B2209F900DE0482 /* CurrentWeatherSection.swift in Sources */ = {isa = PBXBuildFile; fileRef = F1D6479A2B2209F900DE0482 /* CurrentWeatherSection.swift */; };
		F1D6479E2B22C86A00DE0482 /* CurrentWeatherCollectionViewCell.swift in Sources */ = {isa = PBXBuildFile; fileRef = F1D6479D2B22C86A00DE0482 /* CurrentWeatherCollectionViewCell.swift */; };
		F1D647A02B22C93400DE0482 /* DailyWeatherCollectionViewCell.swift in Sources */ = {isa = PBXBuildFile; fileRef = F1D6479F2B22C93400DE0482 /* DailyWeatherCollectionViewCell.swift */; };
		F1D647A22B22C95800DE0482 /* HourlyWeatherCollectionViewCell.swift in Sources */ = {isa = PBXBuildFile; fileRef = F1D647A12B22C95800DE0482 /* HourlyWeatherCollectionViewCell.swift */; };
		F1D647A42B23190500DE0482 /* CurrentWeatherViewModel.swift in Sources */ = {isa = PBXBuildFile; fileRef = F1D647A32B23190500DE0482 /* CurrentWeatherViewModel.swift */; };
		F1D647A62B231AEF00DE0482 /* CurrentWeatherCollectionViewCellViewModel.swift in Sources */ = {isa = PBXBuildFile; fileRef = F1D647A52B231AEF00DE0482 /* CurrentWeatherCollectionViewCellViewModel.swift */; };
		F1D647A82B231B4B00DE0482 /* HourlyWeatherCollectionViewCellViewModel.swift in Sources */ = {isa = PBXBuildFile; fileRef = F1D647A72B231B4B00DE0482 /* HourlyWeatherCollectionViewCellViewModel.swift */; };
		F1D647AA2B231B7800DE0482 /* DailyWeatherCollectionViewCellViewModel.swift in Sources */ = {isa = PBXBuildFile; fileRef = F1D647A92B231B7800DE0482 /* DailyWeatherCollectionViewCellViewModel.swift */; };
/* End PBXBuildFile section */

/* Begin PBXFileReference section */
		F18F7BC32B15AA4700F4228B /* brightsky.app */ = {isa = PBXFileReference; explicitFileType = wrapper.application; includeInIndex = 0; path = brightsky.app; sourceTree = BUILT_PRODUCTS_DIR; };
		F18F7BC62B15AA4700F4228B /* AppDelegate.swift */ = {isa = PBXFileReference; lastKnownFileType = sourcecode.swift; path = AppDelegate.swift; sourceTree = "<group>"; };
		F18F7BC82B15AA4700F4228B /* SceneDelegate.swift */ = {isa = PBXFileReference; lastKnownFileType = sourcecode.swift; path = SceneDelegate.swift; sourceTree = "<group>"; };
		F18F7BCA2B15AA4700F4228B /* WeatherViewController.swift */ = {isa = PBXFileReference; lastKnownFileType = sourcecode.swift; path = WeatherViewController.swift; sourceTree = "<group>"; };
		F18F7BCD2B15AA4700F4228B /* Base */ = {isa = PBXFileReference; lastKnownFileType = file.storyboard; name = Base; path = Base.lproj/Main.storyboard; sourceTree = "<group>"; };
		F18F7BCF2B15AA4800F4228B /* Assets.xcassets */ = {isa = PBXFileReference; lastKnownFileType = folder.assetcatalog; path = Assets.xcassets; sourceTree = "<group>"; };
		F18F7BD22B15AA4800F4228B /* Base */ = {isa = PBXFileReference; lastKnownFileType = file.storyboard; name = Base; path = Base.lproj/LaunchScreen.storyboard; sourceTree = "<group>"; };
		F18F7BD42B15AA4800F4228B /* Info.plist */ = {isa = PBXFileReference; lastKnownFileType = text.plist.xml; path = Info.plist; sourceTree = "<group>"; };
		F18F7BDA2B15B52700F4228B /* brightsky.entitlements */ = {isa = PBXFileReference; lastKnownFileType = text.plist.entitlements; path = brightsky.entitlements; sourceTree = "<group>"; };
		F18F7BE32B16395000F4228B /* LocationManager.swift */ = {isa = PBXFileReference; lastKnownFileType = sourcecode.swift; path = LocationManager.swift; sourceTree = "<group>"; };
		F18F7BE52B16396D00F4228B /* IAPManager.swift */ = {isa = PBXFileReference; lastKnownFileType = sourcecode.swift; path = IAPManager.swift; sourceTree = "<group>"; };
		F18F7BE72B16399900F4228B /* WeatherManager.swift */ = {isa = PBXFileReference; lastKnownFileType = sourcecode.swift; path = WeatherManager.swift; sourceTree = "<group>"; };
		F18F7BE92B163C7E00F4228B /* SettingsViewController.swift */ = {isa = PBXFileReference; lastKnownFileType = sourcecode.swift; path = SettingsViewController.swift; sourceTree = "<group>"; };
		F18F7BED2B163D4E00F4228B /* TabViewController.swift */ = {isa = PBXFileReference; lastKnownFileType = sourcecode.swift; path = TabViewController.swift; sourceTree = "<group>"; };
		F1A153372B172B2C002E602B /* CurrentWeatherView.swift */ = {isa = PBXFileReference; lastKnownFileType = sourcecode.swift; path = CurrentWeatherView.swift; sourceTree = "<group>"; };
		F1A153392B17A095002E602B /* SettingsView.swift */ = {isa = PBXFileReference; lastKnownFileType = sourcecode.swift; path = SettingsView.swift; sourceTree = "<group>"; };
		F1A1533C2B1B40C8002E602B /* SettingsViewViewModel.swift */ = {isa = PBXFileReference; lastKnownFileType = sourcecode.swift; path = SettingsViewViewModel.swift; sourceTree = "<group>"; };
		F1D6479A2B2209F900DE0482 /* CurrentWeatherSection.swift */ = {isa = PBXFileReference; lastKnownFileType = sourcecode.swift; path = CurrentWeatherSection.swift; sourceTree = "<group>"; };
		F1D6479D2B22C86A00DE0482 /* CurrentWeatherCollectionViewCell.swift */ = {isa = PBXFileReference; lastKnownFileType = sourcecode.swift; path = CurrentWeatherCollectionViewCell.swift; sourceTree = "<group>"; };
		F1D6479F2B22C93400DE0482 /* DailyWeatherCollectionViewCell.swift */ = {isa = PBXFileReference; lastKnownFileType = sourcecode.swift; path = DailyWeatherCollectionViewCell.swift; sourceTree = "<group>"; };
		F1D647A12B22C95800DE0482 /* HourlyWeatherCollectionViewCell.swift */ = {isa = PBXFileReference; lastKnownFileType = sourcecode.swift; path = HourlyWeatherCollectionViewCell.swift; sourceTree = "<group>"; };
		F1D647A32B23190500DE0482 /* CurrentWeatherViewModel.swift */ = {isa = PBXFileReference; lastKnownFileType = sourcecode.swift; path = CurrentWeatherViewModel.swift; sourceTree = "<group>"; };
		F1D647A52B231AEF00DE0482 /* CurrentWeatherCollectionViewCellViewModel.swift */ = {isa = PBXFileReference; lastKnownFileType = sourcecode.swift; path = CurrentWeatherCollectionViewCellViewModel.swift; sourceTree = "<group>"; };
		F1D647A72B231B4B00DE0482 /* HourlyWeatherCollectionViewCellViewModel.swift */ = {isa = PBXFileReference; lastKnownFileType = sourcecode.swift; path = HourlyWeatherCollectionViewCellViewModel.swift; sourceTree = "<group>"; };
		F1D647A92B231B7800DE0482 /* DailyWeatherCollectionViewCellViewModel.swift */ = {isa = PBXFileReference; lastKnownFileType = sourcecode.swift; path = DailyWeatherCollectionViewCellViewModel.swift; sourceTree = "<group>"; };
/* End PBXFileReference section */

/* Begin PBXFrameworksBuildPhase section */
		F18F7BC02B15AA4700F4228B /* Frameworks */ = {
			isa = PBXFrameworksBuildPhase;
			buildActionMask = 2147483647;
			files = (
			);
			runOnlyForDeploymentPostprocessing = 0;
		};
/* End PBXFrameworksBuildPhase section */

/* Begin PBXGroup section */
		F18F7BBA2B15AA4700F4228B = {
			isa = PBXGroup;
			children = (
				F18F7BC52B15AA4700F4228B /* brightsky */,
				F18F7BC42B15AA4700F4228B /* Products */,
			);
			sourceTree = "<group>";
		};
		F18F7BC42B15AA4700F4228B /* Products */ = {
			isa = PBXGroup;
			children = (
				F18F7BC32B15AA4700F4228B /* brightsky.app */,
			);
			name = Products;
			sourceTree = "<group>";
		};
		F18F7BC52B15AA4700F4228B /* brightsky */ = {
			isa = PBXGroup;
			children = (
				F18F7BE22B16391800F4228B /* Managers */,
				F18F7BE12B1638A800F4228B /* Other */,
				F18F7BE02B16389E00F4228B /* Controllers */,
				F18F7BDF2B16389500F4228B /* Models */,
				F18F7BDE2B16388D00F4228B /* ViewModels */,
				F18F7BDD2B16387F00F4228B /* Views */,
				F18F7BDA2B15B52700F4228B /* brightsky.entitlements */,
				F18F7BCC2B15AA4700F4228B /* Main.storyboard */,
				F18F7BD42B15AA4800F4228B /* Info.plist */,
			);
			path = brightsky;
			sourceTree = "<group>";
		};
		F18F7BDD2B16387F00F4228B /* Views */ = {
			isa = PBXGroup;
			children = (
				F1D6479C2B22C82B00DE0482 /* WeatherCells */,
				F1A153372B172B2C002E602B /* CurrentWeatherView.swift */,
				F1A153392B17A095002E602B /* SettingsView.swift */,
			);
			path = Views;
			sourceTree = "<group>";
		};
		F18F7BDE2B16388D00F4228B /* ViewModels */ = {
			isa = PBXGroup;
			children = (
				F1A1533C2B1B40C8002E602B /* SettingsViewViewModel.swift */,
				F1D6479A2B2209F900DE0482 /* CurrentWeatherSection.swift */,
				F1D647A32B23190500DE0482 /* CurrentWeatherViewModel.swift */,
				F1D647A52B231AEF00DE0482 /* CurrentWeatherCollectionViewCellViewModel.swift */,
				F1D647A72B231B4B00DE0482 /* HourlyWeatherCollectionViewCellViewModel.swift */,
				F1D647A92B231B7800DE0482 /* DailyWeatherCollectionViewCellViewModel.swift */,
			);
			path = ViewModels;
			sourceTree = "<group>";
		};
		F18F7BDF2B16389500F4228B /* Models */ = {
			isa = PBXGroup;
			children = (
			);
			path = Models;
			sourceTree = "<group>";
		};
		F18F7BE02B16389E00F4228B /* Controllers */ = {
			isa = PBXGroup;
			children = (
				F18F7BCA2B15AA4700F4228B /* WeatherViewController.swift */,
				F18F7BE92B163C7E00F4228B /* SettingsViewController.swift */,
				F18F7BED2B163D4E00F4228B /* TabViewController.swift */,
			);
			path = Controllers;
			sourceTree = "<group>";
		};
		F18F7BE12B1638A800F4228B /* Other */ = {
			isa = PBXGroup;
			children = (
				F18F7BD12B15AA4800F4228B /* LaunchScreen.storyboard */,
				F18F7BCF2B15AA4800F4228B /* Assets.xcassets */,
				F18F7BC62B15AA4700F4228B /* AppDelegate.swift */,
				F18F7BC82B15AA4700F4228B /* SceneDelegate.swift */,
			);
			path = Other;
			sourceTree = "<group>";
		};
		F18F7BE22B16391800F4228B /* Managers */ = {
			isa = PBXGroup;
			children = (
				F18F7BE32B16395000F4228B /* LocationManager.swift */,
				F18F7BE52B16396D00F4228B /* IAPManager.swift */,
				F18F7BE72B16399900F4228B /* WeatherManager.swift */,
			);
			path = Managers;
			sourceTree = "<group>";
		};
		F1D6479C2B22C82B00DE0482 /* WeatherCells */ = {
			isa = PBXGroup;
			children = (
				F1D6479D2B22C86A00DE0482 /* CurrentWeatherCollectionViewCell.swift */,
				F1D647A12B22C95800DE0482 /* HourlyWeatherCollectionViewCell.swift */,
				F1D6479F2B22C93400DE0482 /* DailyWeatherCollectionViewCell.swift */,
			);
			path = WeatherCells;
			sourceTree = "<group>";
		};
/* End PBXGroup section */

/* Begin PBXNativeTarget section */
		F18F7BC22B15AA4700F4228B /* brightsky */ = {
			isa = PBXNativeTarget;
			buildConfigurationList = F18F7BD72B15AA4800F4228B /* Build configuration list for PBXNativeTarget "brightsky" */;
			buildPhases = (
				F18F7BBF2B15AA4700F4228B /* Sources */,
				F18F7BC02B15AA4700F4228B /* Frameworks */,
				F18F7BC12B15AA4700F4228B /* Resources */,
			);
			buildRules = (
			);
			dependencies = (
			);
			name = brightsky;
			productName = brightsky;
			productReference = F18F7BC32B15AA4700F4228B /* brightsky.app */;
			productType = "com.apple.product-type.application";
		};
/* End PBXNativeTarget section */

/* Begin PBXProject section */
		F18F7BBB2B15AA4700F4228B /* Project object */ = {
			isa = PBXProject;
			attributes = {
				BuildIndependentTargetsInParallel = 1;
				LastSwiftUpdateCheck = 1500;
				LastUpgradeCheck = 1500;
				TargetAttributes = {
					F18F7BC22B15AA4700F4228B = {
						CreatedOnToolsVersion = 15.0.1;
					};
				};
			};
			buildConfigurationList = F18F7BBE2B15AA4700F4228B /* Build configuration list for PBXProject "brightsky" */;
			compatibilityVersion = "Xcode 14.0";
			developmentRegion = en;
			hasScannedForEncodings = 0;
			knownRegions = (
				en,
				Base,
			);
			mainGroup = F18F7BBA2B15AA4700F4228B;
			productRefGroup = F18F7BC42B15AA4700F4228B /* Products */;
			projectDirPath = "";
			projectRoot = "";
			targets = (
				F18F7BC22B15AA4700F4228B /* brightsky */,
			);
		};
/* End PBXProject section */

/* Begin PBXResourcesBuildPhase section */
		F18F7BC12B15AA4700F4228B /* Resources */ = {
			isa = PBXResourcesBuildPhase;
			buildActionMask = 2147483647;
			files = (
				F18F7BD32B15AA4800F4228B /* LaunchScreen.storyboard in Resources */,
				F18F7BD02B15AA4800F4228B /* Assets.xcassets in Resources */,
				F18F7BCE2B15AA4700F4228B /* Main.storyboard in Resources */,
			);
			runOnlyForDeploymentPostprocessing = 0;
		};
/* End PBXResourcesBuildPhase section */

/* Begin PBXSourcesBuildPhase section */
		F18F7BBF2B15AA4700F4228B /* Sources */ = {
			isa = PBXSourcesBuildPhase;
			buildActionMask = 2147483647;
			files = (
				F18F7BEE2B163D4E00F4228B /* TabViewController.swift in Sources */,
				F18F7BE82B16399900F4228B /* WeatherManager.swift in Sources */,
				F18F7BE42B16395000F4228B /* LocationManager.swift in Sources */,
				F1D647A62B231AEF00DE0482 /* CurrentWeatherCollectionViewCellViewModel.swift in Sources */,
				F1A153382B172B2C002E602B /* CurrentWeatherView.swift in Sources */,
				F18F7BEA2B163C7E00F4228B /* SettingsViewController.swift in Sources */,
				F1A1533A2B17A095002E602B /* SettingsView.swift in Sources */,
				F1D647AA2B231B7800DE0482 /* DailyWeatherCollectionViewCellViewModel.swift in Sources */,
				F1A1533D2B1B40C8002E602B /* SettingsViewViewModel.swift in Sources */,
				F1D647A42B23190500DE0482 /* CurrentWeatherViewModel.swift in Sources */,
				F1D647A82B231B4B00DE0482 /* HourlyWeatherCollectionViewCellViewModel.swift in Sources */,
				F1D647A02B22C93400DE0482 /* DailyWeatherCollectionViewCell.swift in Sources */,
				F18F7BE62B16396D00F4228B /* IAPManager.swift in Sources */,
				F18F7BCB2B15AA4700F4228B /* WeatherViewController.swift in Sources */,
				F18F7BC72B15AA4700F4228B /* AppDelegate.swift in Sources */,
				F1D6479B2B2209F900DE0482 /* CurrentWeatherSection.swift in Sources */,
				F1D647A22B22C95800DE0482 /* HourlyWeatherCollectionViewCell.swift in Sources */,
				F18F7BC92B15AA4700F4228B /* SceneDelegate.swift in Sources */,
				F1D6479E2B22C86A00DE0482 /* CurrentWeatherCollectionViewCell.swift in Sources */,
			);
			runOnlyForDeploymentPostprocessing = 0;
		};
/* End PBXSourcesBuildPhase section */

/* Begin PBXVariantGroup section */
		F18F7BCC2B15AA4700F4228B /* Main.storyboard */ = {
			isa = PBXVariantGroup;
			children = (
				F18F7BCD2B15AA4700F4228B /* Base */,
			);
			name = Main.storyboard;
			sourceTree = "<group>";
		};
		F18F7BD12B15AA4800F4228B /* LaunchScreen.storyboard */ = {
			isa = PBXVariantGroup;
			children = (
				F18F7BD22B15AA4800F4228B /* Base */,
			);
			name = LaunchScreen.storyboard;
			sourceTree = "<group>";
		};
/* End PBXVariantGroup section */

/* Begin XCBuildConfiguration section */
		F18F7BD52B15AA4800F4228B /* Debug */ = {
			isa = XCBuildConfiguration;
			buildSettings = {
				ALWAYS_SEARCH_USER_PATHS = NO;
				ASSETCATALOG_COMPILER_GENERATE_SWIFT_ASSET_SYMBOL_EXTENSIONS = YES;
				CLANG_ANALYZER_NONNULL = YES;
				CLANG_ANALYZER_NUMBER_OBJECT_CONVERSION = YES_AGGRESSIVE;
				CLANG_CXX_LANGUAGE_STANDARD = "gnu++20";
				CLANG_ENABLE_MODULES = YES;
				CLANG_ENABLE_OBJC_ARC = YES;
				CLANG_ENABLE_OBJC_WEAK = YES;
				CLANG_WARN_BLOCK_CAPTURE_AUTORELEASING = YES;
				CLANG_WARN_BOOL_CONVERSION = YES;
				CLANG_WARN_COMMA = YES;
				CLANG_WARN_CONSTANT_CONVERSION = YES;
				CLANG_WARN_DEPRECATED_OBJC_IMPLEMENTATIONS = YES;
				CLANG_WARN_DIRECT_OBJC_ISA_USAGE = YES_ERROR;
				CLANG_WARN_DOCUMENTATION_COMMENTS = YES;
				CLANG_WARN_EMPTY_BODY = YES;
				CLANG_WARN_ENUM_CONVERSION = YES;
				CLANG_WARN_INFINITE_RECURSION = YES;
				CLANG_WARN_INT_CONVERSION = YES;
				CLANG_WARN_NON_LITERAL_NULL_CONVERSION = YES;
				CLANG_WARN_OBJC_IMPLICIT_RETAIN_SELF = YES;
				CLANG_WARN_OBJC_LITERAL_CONVERSION = YES;
				CLANG_WARN_OBJC_ROOT_CLASS = YES_ERROR;
				CLANG_WARN_QUOTED_INCLUDE_IN_FRAMEWORK_HEADER = YES;
				CLANG_WARN_RANGE_LOOP_ANALYSIS = YES;
				CLANG_WARN_STRICT_PROTOTYPES = YES;
				CLANG_WARN_SUSPICIOUS_MOVE = YES;
				CLANG_WARN_UNGUARDED_AVAILABILITY = YES_AGGRESSIVE;
				CLANG_WARN_UNREACHABLE_CODE = YES;
				CLANG_WARN__DUPLICATE_METHOD_MATCH = YES;
				COPY_PHASE_STRIP = NO;
				DEBUG_INFORMATION_FORMAT = dwarf;
				ENABLE_STRICT_OBJC_MSGSEND = YES;
				ENABLE_TESTABILITY = YES;
				ENABLE_USER_SCRIPT_SANDBOXING = YES;
				GCC_C_LANGUAGE_STANDARD = gnu17;
				GCC_DYNAMIC_NO_PIC = NO;
				GCC_NO_COMMON_BLOCKS = YES;
				GCC_OPTIMIZATION_LEVEL = 0;
				GCC_PREPROCESSOR_DEFINITIONS = (
					"DEBUG=1",
					"$(inherited)",
				);
				GCC_WARN_64_TO_32_BIT_CONVERSION = YES;
				GCC_WARN_ABOUT_RETURN_TYPE = YES_ERROR;
				GCC_WARN_UNDECLARED_SELECTOR = YES;
				GCC_WARN_UNINITIALIZED_AUTOS = YES_AGGRESSIVE;
				GCC_WARN_UNUSED_FUNCTION = YES;
				GCC_WARN_UNUSED_VARIABLE = YES;
				IPHONEOS_DEPLOYMENT_TARGET = 17.0;
				LOCALIZATION_PREFERS_STRING_CATALOGS = YES;
				MTL_ENABLE_DEBUG_INFO = INCLUDE_SOURCE;
				MTL_FAST_MATH = YES;
				ONLY_ACTIVE_ARCH = YES;
				SDKROOT = iphoneos;
				SWIFT_ACTIVE_COMPILATION_CONDITIONS = "DEBUG $(inherited)";
				SWIFT_OPTIMIZATION_LEVEL = "-Onone";
			};
			name = Debug;
		};
		F18F7BD62B15AA4800F4228B /* Release */ = {
			isa = XCBuildConfiguration;
			buildSettings = {
				ALWAYS_SEARCH_USER_PATHS = NO;
				ASSETCATALOG_COMPILER_GENERATE_SWIFT_ASSET_SYMBOL_EXTENSIONS = YES;
				CLANG_ANALYZER_NONNULL = YES;
				CLANG_ANALYZER_NUMBER_OBJECT_CONVERSION = YES_AGGRESSIVE;
				CLANG_CXX_LANGUAGE_STANDARD = "gnu++20";
				CLANG_ENABLE_MODULES = YES;
				CLANG_ENABLE_OBJC_ARC = YES;
				CLANG_ENABLE_OBJC_WEAK = YES;
				CLANG_WARN_BLOCK_CAPTURE_AUTORELEASING = YES;
				CLANG_WARN_BOOL_CONVERSION = YES;
				CLANG_WARN_COMMA = YES;
				CLANG_WARN_CONSTANT_CONVERSION = YES;
				CLANG_WARN_DEPRECATED_OBJC_IMPLEMENTATIONS = YES;
				CLANG_WARN_DIRECT_OBJC_ISA_USAGE = YES_ERROR;
				CLANG_WARN_DOCUMENTATION_COMMENTS = YES;
				CLANG_WARN_EMPTY_BODY = YES;
				CLANG_WARN_ENUM_CONVERSION = YES;
				CLANG_WARN_INFINITE_RECURSION = YES;
				CLANG_WARN_INT_CONVERSION = YES;
				CLANG_WARN_NON_LITERAL_NULL_CONVERSION = YES;
				CLANG_WARN_OBJC_IMPLICIT_RETAIN_SELF = YES;
				CLANG_WARN_OBJC_LITERAL_CONVERSION = YES;
				CLANG_WARN_OBJC_ROOT_CLASS = YES_ERROR;
				CLANG_WARN_QUOTED_INCLUDE_IN_FRAMEWORK_HEADER = YES;
				CLANG_WARN_RANGE_LOOP_ANALYSIS = YES;
				CLANG_WARN_STRICT_PROTOTYPES = YES;
				CLANG_WARN_SUSPICIOUS_MOVE = YES;
				CLANG_WARN_UNGUARDED_AVAILABILITY = YES_AGGRESSIVE;
				CLANG_WARN_UNREACHABLE_CODE = YES;
				CLANG_WARN__DUPLICATE_METHOD_MATCH = YES;
				COPY_PHASE_STRIP = NO;
				DEBUG_INFORMATION_FORMAT = "dwarf-with-dsym";
				ENABLE_NS_ASSERTIONS = NO;
				ENABLE_STRICT_OBJC_MSGSEND = YES;
				ENABLE_USER_SCRIPT_SANDBOXING = YES;
				GCC_C_LANGUAGE_STANDARD = gnu17;
				GCC_NO_COMMON_BLOCKS = YES;
				GCC_WARN_64_TO_32_BIT_CONVERSION = YES;
				GCC_WARN_ABOUT_RETURN_TYPE = YES_ERROR;
				GCC_WARN_UNDECLARED_SELECTOR = YES;
				GCC_WARN_UNINITIALIZED_AUTOS = YES_AGGRESSIVE;
				GCC_WARN_UNUSED_FUNCTION = YES;
				GCC_WARN_UNUSED_VARIABLE = YES;
				IPHONEOS_DEPLOYMENT_TARGET = 17.0;
				LOCALIZATION_PREFERS_STRING_CATALOGS = YES;
				MTL_ENABLE_DEBUG_INFO = NO;
				MTL_FAST_MATH = YES;
				SDKROOT = iphoneos;
				SWIFT_COMPILATION_MODE = wholemodule;
				VALIDATE_PRODUCT = YES;
			};
			name = Release;
		};
		F18F7BD82B15AA4800F4228B /* Debug */ = {
			isa = XCBuildConfiguration;
			buildSettings = {
				ASSETCATALOG_COMPILER_APPICON_NAME = AppIcon;
				ASSETCATALOG_COMPILER_GLOBAL_ACCENT_COLOR_NAME = AccentColor;
				CODE_SIGN_ENTITLEMENTS = brightsky/brightsky.entitlements;
				CODE_SIGN_STYLE = Automatic;
				CURRENT_PROJECT_VERSION = 1;
				DEVELOPMENT_TEAM = "";
				GENERATE_INFOPLIST_FILE = YES;
				INFOPLIST_FILE = brightsky/Info.plist;
				INFOPLIST_KEY_UIApplicationSupportsIndirectInputEvents = YES;
				INFOPLIST_KEY_UILaunchStoryboardName = LaunchScreen;
				INFOPLIST_KEY_UIMainStoryboardFile = Main;
				INFOPLIST_KEY_UISupportedInterfaceOrientations_iPad = "UIInterfaceOrientationPortrait UIInterfaceOrientationPortraitUpsideDown UIInterfaceOrientationLandscapeLeft UIInterfaceOrientationLandscapeRight";
				INFOPLIST_KEY_UISupportedInterfaceOrientations_iPhone = "UIInterfaceOrientationPortrait UIInterfaceOrientationLandscapeLeft UIInterfaceOrientationLandscapeRight";
				LD_RUNPATH_SEARCH_PATHS = (
					"$(inherited)",
					"@executable_path/Frameworks",
				);
				MARKETING_VERSION = 1.0;
				PRODUCT_BUNDLE_IDENTIFIER = com.Aizat.brightsky;
				PRODUCT_NAME = "$(TARGET_NAME)";
				SWIFT_EMIT_LOC_STRINGS = YES;
				SWIFT_VERSION = 5.0;
				TARGETED_DEVICE_FAMILY = "1,2";
			};
			name = Debug;
		};
		F18F7BD92B15AA4800F4228B /* Release */ = {
			isa = XCBuildConfiguration;
			buildSettings = {
				ASSETCATALOG_COMPILER_APPICON_NAME = AppIcon;
				ASSETCATALOG_COMPILER_GLOBAL_ACCENT_COLOR_NAME = AccentColor;
				CODE_SIGN_ENTITLEMENTS = brightsky/brightsky.entitlements;
				CODE_SIGN_STYLE = Automatic;
				CURRENT_PROJECT_VERSION = 1;
				DEVELOPMENT_TEAM = "";
				GENERATE_INFOPLIST_FILE = YES;
				INFOPLIST_FILE = brightsky/Info.plist;
				INFOPLIST_KEY_UIApplicationSupportsIndirectInputEvents = YES;
				INFOPLIST_KEY_UILaunchStoryboardName = LaunchScreen;
				INFOPLIST_KEY_UIMainStoryboardFile = Main;
				INFOPLIST_KEY_UISupportedInterfaceOrientations_iPad = "UIInterfaceOrientationPortrait UIInterfaceOrientationPortraitUpsideDown UIInterfaceOrientationLandscapeLeft UIInterfaceOrientationLandscapeRight";
				INFOPLIST_KEY_UISupportedInterfaceOrientations_iPhone = "UIInterfaceOrientationPortrait UIInterfaceOrientationLandscapeLeft UIInterfaceOrientationLandscapeRight";
				LD_RUNPATH_SEARCH_PATHS = (
					"$(inherited)",
					"@executable_path/Frameworks",
				);
				MARKETING_VERSION = 1.0;
				PRODUCT_BUNDLE_IDENTIFIER = com.Aizat.brightsky;
				PRODUCT_NAME = "$(TARGET_NAME)";
				SWIFT_EMIT_LOC_STRINGS = YES;
				SWIFT_VERSION = 5.0;
				TARGETED_DEVICE_FAMILY = "1,2";
			};
			name = Release;
		};
/* End XCBuildConfiguration section */

/* Begin XCConfigurationList section */
		F18F7BBE2B15AA4700F4228B /* Build configuration list for PBXProject "brightsky" */ = {
			isa = XCConfigurationList;
			buildConfigurations = (
				F18F7BD52B15AA4800F4228B /* Debug */,
				F18F7BD62B15AA4800F4228B /* Release */,
			);
			defaultConfigurationIsVisible = 0;
			defaultConfigurationName = Release;
		};
		F18F7BD72B15AA4800F4228B /* Build configuration list for PBXNativeTarget "brightsky" */ = {
			isa = XCConfigurationList;
			buildConfigurations = (
				F18F7BD82B15AA4800F4228B /* Debug */,
				F18F7BD92B15AA4800F4228B /* Release */,
			);
			defaultConfigurationIsVisible = 0;
			defaultConfigurationName = Release;
		};
/* End XCConfigurationList section */
	};
	rootObject = F18F7BBB2B15AA4700F4228B /* Project object */;
}
